// !$*UTF8*$!
{
	archiveVersion = 1;
	classes = {
	};
	objectVersion = 46;
	objects = {

/* Begin PBXBuildFile section */
		7BA712031CB7F4A800BF624C /* AppDelegate.swift in Sources */ = {isa = PBXBuildFile; fileRef = 7BA712021CB7F4A800BF624C /* AppDelegate.swift */; };
		7BA712051CB7F4A800BF624C /* ViewController.swift in Sources */ = {isa = PBXBuildFile; fileRef = 7BA712041CB7F4A800BF624C /* ViewController.swift */; };
		7BA712081CB7F4A800BF624C /* Main.storyboard in Resources */ = {isa = PBXBuildFile; fileRef = 7BA712061CB7F4A800BF624C /* Main.storyboard */; };
		7BA7120A1CB7F4A800BF624C /* Assets.xcassets in Resources */ = {isa = PBXBuildFile; fileRef = 7BA712091CB7F4A800BF624C /* Assets.xcassets */; };
		7BA7120D1CB7F4A800BF624C /* LaunchScreen.storyboard in Resources */ = {isa = PBXBuildFile; fileRef = 7BA7120B1CB7F4A800BF624C /* LaunchScreen.storyboard */; };
		7BA712161CB7F5EB00BF624C /* A.mp3 in Resources */ = {isa = PBXBuildFile; fileRef = 7BA712141CB7F5EB00BF624C /* A.mp3 */; };
		7BA712171CB7F5EB00BF624C /* sweet.mp3 in Resources */ = {isa = PBXBuildFile; fileRef = 7BA712151CB7F5EB00BF624C /* sweet.mp3 */; };
/* End PBXBuildFile section */

/* Begin PBXFileReference section */
		7BA711FF1CB7F4A800BF624C /* Audio-Player.app */ = {isa = PBXFileReference; explicitFileType = wrapper.application; includeInIndex = 0; path = "Audio-Player.app"; sourceTree = BUILT_PRODUCTS_DIR; };
		7BA712021CB7F4A800BF624C /* AppDelegate.swift */ = {isa = PBXFileReference; lastKnownFileType = sourcecode.swift; path = AppDelegate.swift; sourceTree = "<group>"; };
		7BA712041CB7F4A800BF624C /* ViewController.swift */ = {isa = PBXFileReference; lastKnownFileType = sourcecode.swift; path = ViewController.swift; sourceTree = "<group>"; };
		7BA712071CB7F4A800BF624C /* Base */ = {isa = PBXFileReference; lastKnownFileType = file.storyboard; name = Base; path = Base.lproj/Main.storyboard; sourceTree = "<group>"; };
		7BA712091CB7F4A800BF624C /* Assets.xcassets */ = {isa = PBXFileReference; lastKnownFileType = folder.assetcatalog; path = Assets.xcassets; sourceTree = "<group>"; };
		7BA7120C1CB7F4A800BF624C /* Base */ = {isa = PBXFileReference; lastKnownFileType = file.storyboard; name = Base; path = Base.lproj/LaunchScreen.storyboard; sourceTree = "<group>"; };
		7BA7120E1CB7F4A800BF624C /* Info.plist */ = {isa = PBXFileReference; lastKnownFileType = text.plist.xml; path = Info.plist; sourceTree = "<group>"; };
		7BA712141CB7F5EB00BF624C /* A.mp3 */ = {isa = PBXFileReference; lastKnownFileType = audio.mp3; path = A.mp3; sourceTree = "<group>"; };
		7BA712151CB7F5EB00BF624C /* sweet.mp3 */ = {isa = PBXFileReference; lastKnownFileType = audio.mp3; path = sweet.mp3; sourceTree = "<group>"; };
/* End PBXFileReference section */

/* Begin PBXFrameworksBuildPhase section */
		7BA711FC1CB7F4A800BF624C /* Frameworks */ = {
			isa = PBXFrameworksBuildPhase;
			buildActionMask = 2147483647;
			files = (
			);
			runOnlyForDeploymentPostprocessing = 0;
		};
/* End PBXFrameworksBuildPhase section */

/* Begin PBXGroup section */
		7BA711F61CB7F4A800BF624C = {
			isa = PBXGroup;
			children = (
				7BA712011CB7F4A800BF624C /* Audio-Player */,
				7BA712001CB7F4A800BF624C /* Products */,
				7BA712141CB7F5EB00BF624C /* A.mp3 */,
				7BA712151CB7F5EB00BF624C /* sweet.mp3 */,
			);
			sourceTree = "<group>";
		};
		7BA712001CB7F4A800BF624C /* Products */ = {
			isa = PBXGroup;
			children = (
				7BA711FF1CB7F4A800BF624C /* Audio-Player.app */,
			);
			name = Products;
			sourceTree = "<group>";
		};
		7BA712011CB7F4A800BF624C /* Audio-Player */ = {
			isa = PBXGroup;
			children = (
				7BA712021CB7F4A800BF624C /* AppDelegate.swift */,
				7BA712041CB7F4A800BF624C /* ViewController.swift */,
				7BA712061CB7F4A800BF624C /* Main.storyboard */,
				7BA712091CB7F4A800BF624C /* Assets.xcassets */,
				7BA7120B1CB7F4A800BF624C /* LaunchScreen.storyboard */,
				7BA7120E1CB7F4A800BF624C /* Info.plist */,
			);
			path = "Audio-Player";
			sourceTree = "<group>";
		};
/* End PBXGroup section */

/* Begin PBXNativeTarget section */
		7BA711FE1CB7F4A800BF624C /* Audio-Player */ = {
			isa = PBXNativeTarget;
			buildConfigurationList = 7BA712111CB7F4A800BF624C /* Build configuration list for PBXNativeTarget "Audio-Player" */;
			buildPhases = (
				7BA711FB1CB7F4A800BF624C /* Sources */,
				7BA711FC1CB7F4A800BF624C /* Frameworks */,
				7BA711FD1CB7F4A800BF624C /* Resources */,
			);
			buildRules = (
			);
			dependencies = (
			);
			name = "Audio-Player";
			productName = "Audio-Player";
			productReference = 7BA711FF1CB7F4A800BF624C /* Audio-Player.app */;
			productType = "com.apple.product-type.application";
		};
/* End PBXNativeTarget section */

/* Begin PBXProject section */
		7BA711F71CB7F4A800BF624C /* Project object */ = {
			isa = PBXProject;
			attributes = {
				LastSwiftUpdateCheck = 0730;
				LastUpgradeCheck = 0730;
				ORGANIZATIONNAME = "mitchell hudson";
				TargetAttributes = {
					7BA711FE1CB7F4A800BF624C = {
						CreatedOnToolsVersion = 7.3;
						DevelopmentTeam = 753UQ7TNXJ;
					};
				};
			};
			buildConfigurationList = 7BA711FA1CB7F4A800BF624C /* Build configuration list for PBXProject "Audio-Player" */;
			compatibilityVersion = "Xcode 3.2";
			developmentRegion = English;
			hasScannedForEncodings = 0;
			knownRegions = (
				en,
				Base,
			);
			mainGroup = 7BA711F61CB7F4A800BF624C;
			productRefGroup = 7BA712001CB7F4A800BF624C /* Products */;
			projectDirPath = "";
			projectRoot = "";
			targets = (
				7BA711FE1CB7F4A800BF624C /* Audio-Player */,
			);
		};
/* End PBXProject section */

/* Begin PBXResourcesBuildPhase section */
		7BA711FD1CB7F4A800BF624C /* Resources */ = {
			isa = PBXResourcesBuildPhase;
			buildActionMask = 2147483647;
			files = (
				7BA712161CB7F5EB00BF624C /* A.mp3 in Resources */,
				7BA7120D1CB7F4A800BF624C /* LaunchScreen.storyboard in Resources */,
				7BA712171CB7F5EB00BF624C /* sweet.mp3 in Resources */,
				7BA7120A1CB7F4A800BF624C /* Assets.xcassets in Resources */,
				7BA712081CB7F4A800BF624C /* Main.storyboard in Resources */,
			);
			runOnlyForDeploymentPostprocessing = 0;
		};
/* End PBXResourcesBuildPhase section */

/* Begin PBXSourcesBuildPhase section */
		7BA711FB1CB7F4A800BF624C /* Sources */ = {
			isa = PBXSourcesBuildPhase;
			buildActionMask = 2147483647;
			files = (
				7BA712051CB7F4A800BF624C /* ViewController.swift in Sources */,
				7BA712031CB7F4A800BF624C /* AppDelegate.swift in Sources */,
			);
			runOnlyForDeploymentPostprocessing = 0;
		};
/* End PBXSourcesBuildPhase section */

/* Begin PBXVariantGroup section */
		7BA712061CB7F4A800BF624C /* Main.storyboard */ = {
			isa = PBXVariantGroup;
			children = (
				7BA712071CB7F4A800BF624C /* Base */,
			);
			name = Main.storyboard;
			sourceTree = "<group>";
		};
		7BA7120B1CB7F4A800BF624C /* LaunchScreen.storyboard */ = {
			isa = PBXVariantGroup;
			children = (
				7BA7120C1CB7F4A800BF624C /* Base */,
			);
			name = LaunchScreen.storyboard;
			sourceTree = "<group>";
		};
/* End PBXVariantGroup section */

/* Begin XCBuildConfiguration section */
		7BA7120F1CB7F4A800BF624C /* Debug */ = {
			isa = XCBuildConfiguration;
			buildSettings = {
				ALWAYS_SEARCH_USER_PATHS = NO;
				CLANG_ANALYZER_NONNULL = YES;
				CLANG_CXX_LANGUAGE_STANDARD = "gnu++0x";
				CLANG_CXX_LIBRARY = "libc++";
				CLANG_ENABLE_MODULES = YES;
				CLANG_ENABLE_OBJC_ARC = YES;
				CLANG_WARN_BOOL_CONVERSION = YES;
				CLANG_WARN_CONSTANT_CONVERSION = YES;
				CLANG_WARN_DIRECT_OBJC_ISA_USAGE = YES_ERROR;
				CLANG_WARN_EMPTY_BODY = YES;
				CLANG_WARN_ENUM_CONVERSION = YES;
				CLANG_WARN_INT_CONVERSION = YES;
				CLANG_WARN_OBJC_ROOT_CLASS = YES_ERROR;
				CLANG_WARN_UNREACHABLE_CODE = YES;
				CLANG_WARN__DUPLICATE_METHOD_MATCH = YES;
				"CODE_SIGN_IDENTITY[sdk=iphoneos*]" = "iPhone Developer";
				COPY_PHASE_STRIP = NO;
				DEBUG_INFORMATION_FORMAT = dwarf;
				ENABLE_STRICT_OBJC_MSGSEND = YES;
				ENABLE_TESTABILITY = YES;
				GCC_C_LANGUAGE_STANDARD = gnu99;
				GCC_DYNAMIC_NO_PIC = NO;
				GCC_NO_COMMON_BLOCKS = YES;
				GCC_OPTIMIZATION_LEVEL = 0;
				GCC_PREPROCESSOR_DEFINITIONS = (
					"DEBUG=1",
					"$(inherited)",
				);
				GCC_WARN_64_TO_32_BIT_CONVERSION = YES;
				GCC_WARN_ABOUT_RETURN_TYPE = YES_ERROR;
				GCC_WARN_UNDECLARED_SELECTOR = YES;
				GCC_WARN_UNINITIALIZED_AUTOS = YES_AGGRESSIVE;
				GCC_WARN_UNUSED_FUNCTION = YES;
				GCC_WARN_UNUSED_VARIABLE = YES;
				IPHONEOS_DEPLOYMENT_TARGET = 9.3;
				MTL_ENABLE_DEBUG_INFO = YES;
				ONLY_ACTIVE_ARCH = YES;
				SDKROOT = iphoneos;
				SWIFT_OPTIMIZATION_LEVEL = "-Onone";
			};
			name = Debug;
		};
		7BA712101CB7F4A800BF624C /* Release */ = {
			isa = XCBuildConfiguration;
			buildSettings = {
				ALWAYS_SEARCH_USER_PATHS = NO;
				CLANG_ANALYZER_NONNULL = YES;
				CLANG_CXX_LANGUAGE_STANDARD = "gnu++0x";
				CLANG_CXX_LIBRARY = "libc++";
				CLANG_ENABLE_MODULES = YES;
				CLANG_ENABLE_OBJC_ARC = YES;
				CLANG_WARN_BOOL_CONVERSION = YES;
				CLANG_WARN_CONSTANT_CONVERSION = YES;
				CLANG_WARN_DIRECT_OBJC_ISA_USAGE = YES_ERROR;
				CLANG_WARN_EMPTY_BODY = YES;
				CLANG_WARN_ENUM_CONVERSION = YES;
				CLANG_WARN_INT_CONVERSION = YES;
				CLANG_WARN_OBJC_ROOT_CLASS = YES_ERROR;
				CLANG_WARN_UNREACHABLE_CODE = YES;
				CLANG_WARN__DUPLICATE_METHOD_MATCH = YES;
				"CODE_SIGN_IDENTITY[sdk=iphoneos*]" = "iPhone Developer";
				COPY_PHASE_STRIP = NO;
				DEBUG_INFORMATION_FORMAT = "dwarf-with-dsym";
				ENABLE_NS_ASSERTIONS = NO;
				ENABLE_STRICT_OBJC_MSGSEND = YES;
				GCC_C_LANGUAGE_STANDARD = gnu99;
				GCC_NO_COMMON_BLOCKS = YES;
				GCC_WARN_64_TO_32_BIT_CONVERSION = YES;
				GCC_WARN_ABOUT_RETURN_TYPE = YES_ERROR;
				GCC_WARN_UNDECLARED_SELECTOR = YES;
				GCC_WARN_UNINITIALIZED_AUTOS = YES_AGGRESSIVE;
				GCC_WARN_UNUSED_FUNCTION = YES;
				GCC_WARN_UNUSED_VARIABLE = YES;
				IPHONEOS_DEPLOYMENT_TARGET = 9.3;
				MTL_ENABLE_DEBUG_INFO = NO;
				SDKROOT = iphoneos;
				VALIDATE_PRODUCT = YES;
			};
			name = Release;
		};
		7BA712121CB7F4A800BF624C /* Debug */ = {
			isa = XCBuildConfiguration;
			buildSettings = {
				ASSETCATALOG_COMPILER_APPICON_NAME = AppIcon;
				DEVELOPMENT_TEAM = 753UQ7TNXJ;
				INFOPLIST_FILE = "Audio-Player/Info.plist";
				LD_RUNPATH_SEARCH_PATHS = "$(inherited) @executable_path/Frameworks";
				PRODUCT_BUNDLE_IDENTIFIER = "com.webdevils.Audio-Player";
				PRODUCT_NAME = "$(TARGET_NAME)";
				SWIFT_VERSION = 4.0;
			};
			name = Debug;
		};
		7BA712131CB7F4A800BF624C /* Release */ = {
			isa = XCBuildConfiguration;
			buildSettings = {
				ASSETCATALOG_COMPILER_APPICON_NAME = AppIcon;
				DEVELOPMENT_TEAM = 753UQ7TNXJ;
				INFOPLIST_FILE = "Audio-Player/Info.plist";
				LD_RUNPATH_SEARCH_PATHS = "$(inherited) @executable_path/Frameworks";
				PRODUCT_BUNDLE_IDENTIFIER = "com.webdevils.Audio-Player";
				PRODUCT_NAME = "$(TARGET_NAME)";
				SWIFT_VERSION = 4.0;
			};
			name = Release;
		};
/* End XCBuildConfiguration section */

/* Begin XCConfigurationList section */
		7BA711FA1CB7F4A800BF624C /* Build configuration list for PBXProject "Audio-Player" */ = {
			isa = XCConfigurationList;
			buildConfigurations = (
				7BA7120F1CB7F4A800BF624C /* Debug */,
				7BA712101CB7F4A800BF624C /* Release */,
			);
			defaultConfigurationIsVisible = 0;
			defaultConfigurationName = Release;
		};
		7BA712111CB7F4A800BF624C /* Build configuration list for PBXNativeTarget "Audio-Player" */ = {
			isa = XCConfigurationList;
			buildConfigurations = (
				7BA712121CB7F4A800BF624C /* Debug */,
				7BA712131CB7F4A800BF624C /* Release */,
			);
			defaultConfigurationIsVisible = 0;
			defaultConfigurationName = Release;
		};
/* End XCConfigurationList section */
	};
	rootObject = 7BA711F71CB7F4A800BF624C /* Project object */;
}
